{
    "_meta": {
        "hash": {
            "sha256": "ca139b587cd86c059dc906efe6b46f2df3004cc45c9182d36a7cfef8794c8b19"
        },
        "pipfile-spec": 6,
        "requires": {
            "python_version": "3.8"
        },
        "sources": [
            {
                "name": "pypi",
                "url": "https://pypi.org/simple",
                "verify_ssl": true
            }
        ]
    },
    "default": {
        "antiorm": {
            "hashes": [
                "sha256:96eb1841ce5163db4cf1dc13f4499ec2d7cffc190cf724b78ffdd3e6b7c4ff93"
            ],
            "version": "==1.2.1"
        },
        "db": {
            "hashes": [
                "sha256:980e772f15c1161d3b287ffec4f144e40961b0b3e6d5102809577870bf6c5808"
            ],
            "version": "==0.1.1"
        },
        "db-sqlite3": {
            "hashes": [
                "sha256:4dd410aa28a2c5b66de477f9dc62f523133217dd31c7ed7eb085214bea148db9"
            ],
            "index": "pypi",
            "version": "==0.0.1"
        },
        "pypdf2": {
            "hashes": [
                "sha256:e28f902f2f0a1603ea95ebe21dff311ef09be3d0f0ef29a3e44a932729564385"
            ],
            "index": "pypi",
            "version": "==1.26.0"
        }
    },
    "develop": {}
}
